// !$*UTF8*$!
{
	archiveVersion = 1;
	classes = {
	};
	objectVersion = 46;
	objects = {

/* Begin PBXBuildFile section */
		E87F306F1ED1482A0085CB87 /* FactModel.swift in Sources */ = {isa = PBXBuildFile; fileRef = E87F306E1ED1482A0085CB87 /* FactModel.swift */; };
		E87F30711ED1FEFC0085CB87 /* ColorModel.swift in Sources */ = {isa = PBXBuildFile; fileRef = E87F30701ED1FEFC0085CB87 /* ColorModel.swift */; };
		E8A831F91ECBB66B00019541 /* AppDelegate.swift in Sources */ = {isa = PBXBuildFile; fileRef = E8A831F81ECBB66B00019541 /* AppDelegate.swift */; };
		E8A831FB1ECBB66B00019541 /* ViewController.swift in Sources */ = {isa = PBXBuildFile; fileRef = E8A831FA1ECBB66B00019541 /* ViewController.swift */; };
		E8A831FE1ECBB66B00019541 /* Main.storyboard in Resources */ = {isa = PBXBuildFile; fileRef = E8A831FC1ECBB66B00019541 /* Main.storyboard */; };
		E8A832001ECBB66B00019541 /* Assets.xcassets in Resources */ = {isa = PBXBuildFile; fileRef = E8A831FF1ECBB66B00019541 /* Assets.xcassets */; };
		E8A832031ECBB66B00019541 /* LaunchScreen.storyboard in Resources */ = {isa = PBXBuildFile; fileRef = E8A832011ECBB66B00019541 /* LaunchScreen.storyboard */; };
		E8A8320E1ECBB66B00019541 /* FunFacts2Tests.swift in Sources */ = {isa = PBXBuildFile; fileRef = E8A8320D1ECBB66B00019541 /* FunFacts2Tests.swift */; };
		E8A832191ECBB66B00019541 /* FunFacts2UITests.swift in Sources */ = {isa = PBXBuildFile; fileRef = E8A832181ECBB66B00019541 /* FunFacts2UITests.swift */; };
/* End PBXBuildFile section */

/* Begin PBXContainerItemProxy section */
		E8A8320A1ECBB66B00019541 /* PBXContainerItemProxy */ = {
			isa = PBXContainerItemProxy;
			containerPortal = E8A831ED1ECBB66B00019541 /* Project object */;
			proxyType = 1;
			remoteGlobalIDString = E8A831F41ECBB66B00019541;
			remoteInfo = FunFacts2;
		};
		E8A832151ECBB66B00019541 /* PBXContainerItemProxy */ = {
			isa = PBXContainerItemProxy;
			containerPortal = E8A831ED1ECBB66B00019541 /* Project object */;
			proxyType = 1;
			remoteGlobalIDString = E8A831F41ECBB66B00019541;
			remoteInfo = FunFacts2;
		};
/* End PBXContainerItemProxy section */

/* Begin PBXFileReference section */
		E87F306E1ED1482A0085CB87 /* FactModel.swift */ = {isa = PBXFileReference; fileEncoding = 4; lastKnownFileType = sourcecode.swift; path = FactModel.swift; sourceTree = "<group>"; };
		E87F30701ED1FEFC0085CB87 /* ColorModel.swift */ = {isa = PBXFileReference; fileEncoding = 4; lastKnownFileType = sourcecode.swift; path = ColorModel.swift; sourceTree = "<group>"; };
		E8A831F51ECBB66B00019541 /* FunFacts.app */ = {isa = PBXFileReference; explicitFileType = wrapper.application; includeInIndex = 0; path = FunFacts.app; sourceTree = BUILT_PRODUCTS_DIR; };
		E8A831F81ECBB66B00019541 /* AppDelegate.swift */ = {isa = PBXFileReference; lastKnownFileType = sourcecode.swift; path = AppDelegate.swift; sourceTree = "<group>"; };
		E8A831FA1ECBB66B00019541 /* ViewController.swift */ = {isa = PBXFileReference; lastKnownFileType = sourcecode.swift; path = ViewController.swift; sourceTree = "<group>"; };
		E8A831FD1ECBB66B00019541 /* Base */ = {isa = PBXFileReference; lastKnownFileType = file.storyboard; name = Base; path = Base.lproj/Main.storyboard; sourceTree = "<group>"; };
		E8A831FF1ECBB66B00019541 /* Assets.xcassets */ = {isa = PBXFileReference; lastKnownFileType = folder.assetcatalog; path = Assets.xcassets; sourceTree = "<group>"; };
		E8A832021ECBB66B00019541 /* Base */ = {isa = PBXFileReference; lastKnownFileType = file.storyboard; name = Base; path = Base.lproj/LaunchScreen.storyboard; sourceTree = "<group>"; };
		E8A832041ECBB66B00019541 /* Info.plist */ = {isa = PBXFileReference; lastKnownFileType = text.plist.xml; path = Info.plist; sourceTree = "<group>"; };
		E8A832091ECBB66B00019541 /* FunFactsTests.xctest */ = {isa = PBXFileReference; explicitFileType = wrapper.cfbundle; includeInIndex = 0; path = FunFactsTests.xctest; sourceTree = BUILT_PRODUCTS_DIR; };
		E8A8320D1ECBB66B00019541 /* FunFacts2Tests.swift */ = {isa = PBXFileReference; lastKnownFileType = sourcecode.swift; path = FunFacts2Tests.swift; sourceTree = "<group>"; };
		E8A8320F1ECBB66B00019541 /* Info.plist */ = {isa = PBXFileReference; lastKnownFileType = text.plist.xml; path = Info.plist; sourceTree = "<group>"; };
		E8A832141ECBB66B00019541 /* FunFactsUITests.xctest */ = {isa = PBXFileReference; explicitFileType = wrapper.cfbundle; includeInIndex = 0; path = FunFactsUITests.xctest; sourceTree = BUILT_PRODUCTS_DIR; };
		E8A832181ECBB66B00019541 /* FunFacts2UITests.swift */ = {isa = PBXFileReference; lastKnownFileType = sourcecode.swift; path = FunFacts2UITests.swift; sourceTree = "<group>"; };
		E8A8321A1ECBB66B00019541 /* Info.plist */ = {isa = PBXFileReference; lastKnownFileType = text.plist.xml; path = Info.plist; sourceTree = "<group>"; };
/* End PBXFileReference section */

/* Begin PBXFrameworksBuildPhase section */
		E8A831F21ECBB66B00019541 /* Frameworks */ = {
			isa = PBXFrameworksBuildPhase;
			buildActionMask = 2147483647;
			files = (
			);
			runOnlyForDeploymentPostprocessing = 0;
		};
		E8A832061ECBB66B00019541 /* Frameworks */ = {
			isa = PBXFrameworksBuildPhase;
			buildActionMask = 2147483647;
			files = (
			);
			runOnlyForDeploymentPostprocessing = 0;
		};
		E8A832111ECBB66B00019541 /* Frameworks */ = {
			isa = PBXFrameworksBuildPhase;
			buildActionMask = 2147483647;
			files = (
			);
			runOnlyForDeploymentPostprocessing = 0;
		};
/* End PBXFrameworksBuildPhase section */

/* Begin PBXGroup section */
		E8A831EC1ECBB66B00019541 = {
			isa = PBXGroup;
			children = (
				E8A831F71ECBB66B00019541 /* FunFacts2 */,
				E8A8320C1ECBB66B00019541 /* FunFacts2Tests */,
				E8A832171ECBB66B00019541 /* FunFacts2UITests */,
				E8A831F61ECBB66B00019541 /* Products */,
			);
			sourceTree = "<group>";
		};
		E8A831F61ECBB66B00019541 /* Products */ = {
			isa = PBXGroup;
			children = (
				E8A831F51ECBB66B00019541 /* FunFacts.app */,
				E8A832091ECBB66B00019541 /* FunFactsTests.xctest */,
				E8A832141ECBB66B00019541 /* FunFactsUITests.xctest */,
			);
			name = Products;
			sourceTree = "<group>";
		};
		E8A831F71ECBB66B00019541 /* FunFacts2 */ = {
			isa = PBXGroup;
			children = (
				E8A831F81ECBB66B00019541 /* AppDelegate.swift */,
				E8A831FA1ECBB66B00019541 /* ViewController.swift */,
				E8A831FC1ECBB66B00019541 /* Main.storyboard */,
				E87F306E1ED1482A0085CB87 /* FactModel.swift */,
				E87F30701ED1FEFC0085CB87 /* ColorModel.swift */,
				E8A831FF1ECBB66B00019541 /* Assets.xcassets */,
				E8A832011ECBB66B00019541 /* LaunchScreen.storyboard */,
				E8A832041ECBB66B00019541 /* Info.plist */,
			);
			path = FunFacts2;
			sourceTree = "<group>";
		};
		E8A8320C1ECBB66B00019541 /* FunFacts2Tests */ = {
			isa = PBXGroup;
			children = (
				E8A8320D1ECBB66B00019541 /* FunFacts2Tests.swift */,
				E8A8320F1ECBB66B00019541 /* Info.plist */,
			);
			path = FunFacts2Tests;
			sourceTree = "<group>";
		};
		E8A832171ECBB66B00019541 /* FunFacts2UITests */ = {
			isa = PBXGroup;
			children = (
				E8A832181ECBB66B00019541 /* FunFacts2UITests.swift */,
				E8A8321A1ECBB66B00019541 /* Info.plist */,
			);
			path = FunFacts2UITests;
			sourceTree = "<group>";
		};
/* End PBXGroup section */

/* Begin PBXNativeTarget section */
		E8A831F41ECBB66B00019541 /* FunFacts */ = {
			isa = PBXNativeTarget;
			buildConfigurationList = E8A8321D1ECBB66B00019541 /* Build configuration list for PBXNativeTarget "FunFacts" */;
			buildPhases = (
				E8A831F11ECBB66B00019541 /* Sources */,
				E8A831F21ECBB66B00019541 /* Frameworks */,
				E8A831F31ECBB66B00019541 /* Resources */,
			);
			buildRules = (
			);
			dependencies = (
			);
			name = FunFacts;
			productName = FunFacts2;
			productReference = E8A831F51ECBB66B00019541 /* FunFacts.app */;
			productType = "com.apple.product-type.application";
		};
		E8A832081ECBB66B00019541 /* FunFactsTests */ = {
			isa = PBXNativeTarget;
			buildConfigurationList = E8A832201ECBB66B00019541 /* Build configuration list for PBXNativeTarget "FunFactsTests" */;
			buildPhases = (
				E8A832051ECBB66B00019541 /* Sources */,
				E8A832061ECBB66B00019541 /* Frameworks */,
				E8A832071ECBB66B00019541 /* Resources */,
			);
			buildRules = (
			);
			dependencies = (
				E8A8320B1ECBB66B00019541 /* PBXTargetDependency */,
			);
			name = FunFactsTests;
			productName = FunFacts2Tests;
			productReference = E8A832091ECBB66B00019541 /* FunFactsTests.xctest */;
			productType = "com.apple.product-type.bundle.unit-test";
		};
		E8A832131ECBB66B00019541 /* FunFactsUITests */ = {
			isa = PBXNativeTarget;
			buildConfigurationList = E8A832231ECBB66B00019541 /* Build configuration list for PBXNativeTarget "FunFactsUITests" */;
			buildPhases = (
				E8A832101ECBB66B00019541 /* Sources */,
				E8A832111ECBB66B00019541 /* Frameworks */,
				E8A832121ECBB66B00019541 /* Resources */,
			);
			buildRules = (
			);
			dependencies = (
				E8A832161ECBB66B00019541 /* PBXTargetDependency */,
			);
			name = FunFactsUITests;
			productName = FunFacts2UITests;
			productReference = E8A832141ECBB66B00019541 /* FunFactsUITests.xctest */;
			productType = "com.apple.product-type.bundle.ui-testing";
		};
/* End PBXNativeTarget section */

/* Begin PBXProject section */
		E8A831ED1ECBB66B00019541 /* Project object */ = {
			isa = PBXProject;
			attributes = {
				LastSwiftUpdateCheck = 0830;
				LastUpgradeCheck = 0830;
				ORGANIZATIONNAME = TimXu;
				TargetAttributes = {
					E8A831F41ECBB66B00019541 = {
						CreatedOnToolsVersion = 8.3;
						DevelopmentTeam = Q2L7CX72VS;
						ProvisioningStyle = Automatic;
					};
					E8A832081ECBB66B00019541 = {
						CreatedOnToolsVersion = 8.3;
						ProvisioningStyle = Automatic;
						TestTargetID = E8A831F41ECBB66B00019541;
					};
					E8A832131ECBB66B00019541 = {
						CreatedOnToolsVersion = 8.3;
						ProvisioningStyle = Automatic;
						TestTargetID = E8A831F41ECBB66B00019541;
					};
				};
			};
			buildConfigurationList = E8A831F01ECBB66B00019541 /* Build configuration list for PBXProject "FunFacts" */;
			compatibilityVersion = "Xcode 3.2";
			developmentRegion = English;
			hasScannedForEncodings = 0;
			knownRegions = (
				en,
				Base,
			);
			mainGroup = E8A831EC1ECBB66B00019541;
			productRefGroup = E8A831F61ECBB66B00019541 /* Products */;
			projectDirPath = "";
			projectRoot = "";
			targets = (
				E8A831F41ECBB66B00019541 /* FunFacts */,
				E8A832081ECBB66B00019541 /* FunFactsTests */,
				E8A832131ECBB66B00019541 /* FunFactsUITests */,
			);
		};
/* End PBXProject section */

/* Begin PBXResourcesBuildPhase section */
		E8A831F31ECBB66B00019541 /* Resources */ = {
			isa = PBXResourcesBuildPhase;
			buildActionMask = 2147483647;
			files = (
				E8A832031ECBB66B00019541 /* LaunchScreen.storyboard in Resources */,
				E8A832001ECBB66B00019541 /* Assets.xcassets in Resources */,
				E8A831FE1ECBB66B00019541 /* Main.storyboard in Resources */,
			);
			runOnlyForDeploymentPostprocessing = 0;
		};
		E8A832071ECBB66B00019541 /* Resources */ = {
			isa = PBXResourcesBuildPhase;
			buildActionMask = 2147483647;
			files = (
			);
			runOnlyForDeploymentPostprocessing = 0;
		};
		E8A832121ECBB66B00019541 /* Resources */ = {
			isa = PBXResourcesBuildPhase;
			buildActionMask = 2147483647;
			files = (
			);
			runOnlyForDeploymentPostprocessing = 0;
		};
/* End PBXResourcesBuildPhase section */

/* Begin PBXSourcesBuildPhase section */
		E8A831F11ECBB66B00019541 /* Sources */ = {
			isa = PBXSourcesBuildPhase;
			buildActionMask = 2147483647;
			files = (
				E87F306F1ED1482A0085CB87 /* FactModel.swift in Sources */,
				E8A831FB1ECBB66B00019541 /* ViewController.swift in Sources */,
				E8A831F91ECBB66B00019541 /* AppDelegate.swift in Sources */,
				E87F30711ED1FEFC0085CB87 /* ColorModel.swift in Sources */,
			);
			runOnlyForDeploymentPostprocessing = 0;
		};
		E8A832051ECBB66B00019541 /* Sources */ = {
			isa = PBXSourcesBuildPhase;
			buildActionMask = 2147483647;
			files = (
				E8A8320E1ECBB66B00019541 /* FunFacts2Tests.swift in Sources */,
			);
			runOnlyForDeploymentPostprocessing = 0;
		};
		E8A832101ECBB66B00019541 /* Sources */ = {
			isa = PBXSourcesBuildPhase;
			buildActionMask = 2147483647;
			files = (
				E8A832191ECBB66B00019541 /* FunFacts2UITests.swift in Sources */,
			);
			runOnlyForDeploymentPostprocessing = 0;
		};
/* End PBXSourcesBuildPhase section */

/* Begin PBXTargetDependency section */
		E8A8320B1ECBB66B00019541 /* PBXTargetDependency */ = {
			isa = PBXTargetDependency;
			target = E8A831F41ECBB66B00019541 /* FunFacts */;
			targetProxy = E8A8320A1ECBB66B00019541 /* PBXContainerItemProxy */;
		};
		E8A832161ECBB66B00019541 /* PBXTargetDependency */ = {
			isa = PBXTargetDependency;
			target = E8A831F41ECBB66B00019541 /* FunFacts */;
			targetProxy = E8A832151ECBB66B00019541 /* PBXContainerItemProxy */;
		};
/* End PBXTargetDependency section */

/* Begin PBXVariantGroup section */
		E8A831FC1ECBB66B00019541 /* Main.storyboard */ = {
			isa = PBXVariantGroup;
			children = (
				E8A831FD1ECBB66B00019541 /* Base */,
			);
			name = Main.storyboard;
			sourceTree = "<group>";
		};
		E8A832011ECBB66B00019541 /* LaunchScreen.storyboard */ = {
			isa = PBXVariantGroup;
			children = (
				E8A832021ECBB66B00019541 /* Base */,
			);
			name = LaunchScreen.storyboard;
			sourceTree = "<group>";
		};
/* End PBXVariantGroup section */

/* Begin XCBuildConfiguration section */
		E8A8321B1ECBB66B00019541 /* Debug */ = {
			isa = XCBuildConfiguration;
			buildSettings = {
				ALWAYS_SEARCH_USER_PATHS = NO;
				CLANG_ANALYZER_NONNULL = YES;
				CLANG_ANALYZER_NUMBER_OBJECT_CONVERSION = YES_AGGRESSIVE;
				CLANG_CXX_LANGUAGE_STANDARD = "gnu++0x";
				CLANG_CXX_LIBRARY = "libc++";
				CLANG_ENABLE_MODULES = YES;
				CLANG_ENABLE_OBJC_ARC = YES;
				CLANG_WARN_BOOL_CONVERSION = YES;
				CLANG_WARN_CONSTANT_CONVERSION = YES;
				CLANG_WARN_DIRECT_OBJC_ISA_USAGE = YES_ERROR;
				CLANG_WARN_DOCUMENTATION_COMMENTS = YES;
				CLANG_WARN_EMPTY_BODY = YES;
				CLANG_WARN_ENUM_CONVERSION = YES;
				CLANG_WARN_INFINITE_RECURSION = YES;
				CLANG_WARN_INT_CONVERSION = YES;
				CLANG_WARN_OBJC_ROOT_CLASS = YES_ERROR;
				CLANG_WARN_SUSPICIOUS_MOVE = YES;
				CLANG_WARN_UNREACHABLE_CODE = YES;
				CLANG_WARN__DUPLICATE_METHOD_MATCH = YES;
				"CODE_SIGN_IDENTITY[sdk=iphoneos*]" = "iPhone Developer";
				COPY_PHASE_STRIP = NO;
				DEBUG_INFORMATION_FORMAT = dwarf;
				ENABLE_STRICT_OBJC_MSGSEND = YES;
				ENABLE_TESTABILITY = YES;
				GCC_C_LANGUAGE_STANDARD = gnu99;
				GCC_DYNAMIC_NO_PIC = NO;
				GCC_NO_COMMON_BLOCKS = YES;
				GCC_OPTIMIZATION_LEVEL = 0;
				GCC_PREPROCESSOR_DEFINITIONS = (
					"DEBUG=1",
					"$(inherited)",
				);
				GCC_WARN_64_TO_32_BIT_CONVERSION = YES;
				GCC_WARN_ABOUT_RETURN_TYPE = YES_ERROR;
				GCC_WARN_UNDECLARED_SELECTOR = YES;
				GCC_WARN_UNINITIALIZED_AUTOS = YES_AGGRESSIVE;
				GCC_WARN_UNUSED_FUNCTION = YES;
				GCC_WARN_UNUSED_VARIABLE = YES;
				IPHONEOS_DEPLOYMENT_TARGET = 10.3;
				MTL_ENABLE_DEBUG_INFO = YES;
				ONLY_ACTIVE_ARCH = YES;
				SDKROOT = iphoneos;
				SWIFT_ACTIVE_COMPILATION_CONDITIONS = DEBUG;
				SWIFT_OPTIMIZATION_LEVEL = "-Onone";
			};
			name = Debug;
		};
		E8A8321C1ECBB66B00019541 /* Release */ = {
			isa = XCBuildConfiguration;
			buildSettings = {
				ALWAYS_SEARCH_USER_PATHS = NO;
				CLANG_ANALYZER_NONNULL = YES;
				CLANG_ANALYZER_NUMBER_OBJECT_CONVERSION = YES_AGGRESSIVE;
				CLANG_CXX_LANGUAGE_STANDARD = "gnu++0x";
				CLANG_CXX_LIBRARY = "libc++";
				CLANG_ENABLE_MODULES = YES;
				CLANG_ENABLE_OBJC_ARC = YES;
				CLANG_WARN_BOOL_CONVERSION = YES;
				CLANG_WARN_CONSTANT_CONVERSION = YES;
				CLANG_WARN_DIRECT_OBJC_ISA_USAGE = YES_ERROR;
				CLANG_WARN_DOCUMENTATION_COMMENTS = YES;
				CLANG_WARN_EMPTY_BODY = YES;
				CLANG_WARN_ENUM_CONVERSION = YES;
				CLANG_WARN_INFINITE_RECURSION = YES;
				CLANG_WARN_INT_CONVERSION = YES;
				CLANG_WARN_OBJC_ROOT_CLASS = YES_ERROR;
				CLANG_WARN_SUSPICIOUS_MOVE = YES;
				CLANG_WARN_UNREACHABLE_CODE = YES;
				CLANG_WARN__DUPLICATE_METHOD_MATCH = YES;
				"CODE_SIGN_IDENTITY[sdk=iphoneos*]" = "iPhone Developer";
				COPY_PHASE_STRIP = NO;
				DEBUG_INFORMATION_FORMAT = "dwarf-with-dsym";
				ENABLE_NS_ASSERTIONS = NO;
				ENABLE_STRICT_OBJC_MSGSEND = YES;
				GCC_C_LANGUAGE_STANDARD = gnu99;
				GCC_NO_COMMON_BLOCKS = YES;
				GCC_WARN_64_TO_32_BIT_CONVERSION = YES;
				GCC_WARN_ABOUT_RETURN_TYPE = YES_ERROR;
				GCC_WARN_UNDECLARED_SELECTOR = YES;
				GCC_WARN_UNINITIALIZED_AUTOS = YES_AGGRESSIVE;
				GCC_WARN_UNUSED_FUNCTION = YES;
				GCC_WARN_UNUSED_VARIABLE = YES;
				IPHONEOS_DEPLOYMENT_TARGET = 10.3;
				MTL_ENABLE_DEBUG_INFO = NO;
				SDKROOT = iphoneos;
				SWIFT_OPTIMIZATION_LEVEL = "-Owholemodule";
				VALIDATE_PRODUCT = YES;
			};
			name = Release;
		};
		E8A8321E1ECBB66B00019541 /* Debug */ = {
			isa = XCBuildConfiguration;
			buildSettings = {
				ASSETCATALOG_COMPILER_APPICON_NAME = AppIcon;
				DEVELOPMENT_TEAM = Q2L7CX72VS;
				INFOPLIST_FILE = FunFacts2/Info.plist;
				LD_RUNPATH_SEARCH_PATHS = "$(inherited) @executable_path/Frameworks";
				PRODUCT_BUNDLE_IDENTIFIER = com.TimXu;
				PRODUCT_NAME = "$(TARGET_NAME)";
				SWIFT_VERSION = 3.0;
			};
			name = Debug;
		};
		E8A8321F1ECBB66B00019541 /* Release */ = {
			isa = XCBuildConfiguration;
			buildSettings = {
				ASSETCATALOG_COMPILER_APPICON_NAME = AppIcon;
				DEVELOPMENT_TEAM = Q2L7CX72VS;
				INFOPLIST_FILE = FunFacts2/Info.plist;
				LD_RUNPATH_SEARCH_PATHS = "$(inherited) @executable_path/Frameworks";
				PRODUCT_BUNDLE_IDENTIFIER = com.TimXu;
				PRODUCT_NAME = "$(TARGET_NAME)";
				SWIFT_VERSION = 3.0;
			};
			name = Release;
		};
		E8A832211ECBB66B00019541 /* Debug */ = {
			isa = XCBuildConfiguration;
			buildSettings = {
				ALWAYS_EMBED_SWIFT_STANDARD_LIBRARIES = YES;
				BUNDLE_LOADER = "$(TEST_HOST)";
				INFOPLIST_FILE = FunFacts2Tests/Info.plist;
				LD_RUNPATH_SEARCH_PATHS = "$(inherited) @executable_path/Frameworks @loader_path/Frameworks";
				PRODUCT_BUNDLE_IDENTIFIER = com.timxu.FunFacts2Tests;
				PRODUCT_NAME = "$(TARGET_NAME)";
				SWIFT_VERSION = 3.0;
				TEST_HOST = "$(BUILT_PRODUCTS_DIR)/FunFacts.app/FunFacts";
			};
			name = Debug;
		};
		E8A832221ECBB66B00019541 /* Release */ = {
			isa = XCBuildConfiguration;
			buildSettings = {
				ALWAYS_EMBED_SWIFT_STANDARD_LIBRARIES = YES;
				BUNDLE_LOADER = "$(TEST_HOST)";
				INFOPLIST_FILE = FunFacts2Tests/Info.plist;
				LD_RUNPATH_SEARCH_PATHS = "$(inherited) @executable_path/Frameworks @loader_path/Frameworks";
				PRODUCT_BUNDLE_IDENTIFIER = com.timxu.FunFacts2Tests;
				PRODUCT_NAME = "$(TARGET_NAME)";
				SWIFT_VERSION = 3.0;
				TEST_HOST = "$(BUILT_PRODUCTS_DIR)/FunFacts.app/FunFacts";
			};
			name = Release;
		};
		E8A832241ECBB66B00019541 /* Debug */ = {
			isa = XCBuildConfiguration;
			buildSettings = {
				ALWAYS_EMBED_SWIFT_STANDARD_LIBRARIES = YES;
				INFOPLIST_FILE = FunFacts2UITests/Info.plist;
				LD_RUNPATH_SEARCH_PATHS = "$(inherited) @executable_path/Frameworks @loader_path/Frameworks";
				PRODUCT_BUNDLE_IDENTIFIER = com.timxu.FunFacts2UITests;
				PRODUCT_NAME = "$(TARGET_NAME)";
				SWIFT_VERSION = 3.0;
				TEST_TARGET_NAME = FunFacts2;
			};
			name = Debug;
		};
		E8A832251ECBB66B00019541 /* Release */ = {
			isa = XCBuildConfiguration;
			buildSettings = {
				ALWAYS_EMBED_SWIFT_STANDARD_LIBRARIES = YES;
				INFOPLIST_FILE = FunFacts2UITests/Info.plist;
				LD_RUNPATH_SEARCH_PATHS = "$(inherited) @executable_path/Frameworks @loader_path/Frameworks";
				PRODUCT_BUNDLE_IDENTIFIER = com.timxu.FunFacts2UITests;
				PRODUCT_NAME = "$(TARGET_NAME)";
				SWIFT_VERSION = 3.0;
				TEST_TARGET_NAME = FunFacts2;
			};
			name = Release;
		};
/* End XCBuildConfiguration section */

/* Begin XCConfigurationList section */
		E8A831F01ECBB66B00019541 /* Build configuration list for PBXProject "FunFacts" */ = {
			isa = XCConfigurationList;
			buildConfigurations = (
				E8A8321B1ECBB66B00019541 /* Debug */,
				E8A8321C1ECBB66B00019541 /* Release */,
			);
			defaultConfigurationIsVisible = 0;
			defaultConfigurationName = Release;
		};
		E8A8321D1ECBB66B00019541 /* Build configuration list for PBXNativeTarget "FunFacts" */ = {
			isa = XCConfigurationList;
			buildConfigurations = (
				E8A8321E1ECBB66B00019541 /* Debug */,
				E8A8321F1ECBB66B00019541 /* Release */,
			);
			defaultConfigurationIsVisible = 0;
			defaultConfigurationName = Release;
		};
		E8A832201ECBB66B00019541 /* Build configuration list for PBXNativeTarget "FunFactsTests" */ = {
			isa = XCConfigurationList;
			buildConfigurations = (
				E8A832211ECBB66B00019541 /* Debug */,
				E8A832221ECBB66B00019541 /* Release */,
			);
			defaultConfigurationIsVisible = 0;
			defaultConfigurationName = Release;
		};
		E8A832231ECBB66B00019541 /* Build configuration list for PBXNativeTarget "FunFactsUITests" */ = {
			isa = XCConfigurationList;
			buildConfigurations = (
				E8A832241ECBB66B00019541 /* Debug */,
				E8A832251ECBB66B00019541 /* Release */,
			);
			defaultConfigurationIsVisible = 0;
			defaultConfigurationName = Release;
		};
/* End XCConfigurationList section */
	};
	rootObject = E8A831ED1ECBB66B00019541 /* Project object */;
}
